
Microsoft Visual Studio Solution File, Format Version 12.00
# Visual Studio Version 17
VisualStudioVersion = 17.14.36915.13 d17.14
MinimumVisualStudioVersion = 10.0.40219.1
Project("{FAE04EC0-301F-11D3-BF4B-00C04F79EFBC}") = "Модуль 1.3 СТАТИЧЕСКИЕ МЕТОДЫ (МЕТОДЫ КЛАССОВ) Задание 2", "Модуль 1.3 СТАТИЧЕСКИЕ МЕТОДЫ (МЕТОДЫ КЛАССОВ) Задание 2\Модуль 1.3 СТАТИЧЕСКИЕ МЕТОДЫ (МЕТОДЫ КЛАССОВ) Задание 2.csproj", "{29CAC6CB-572F-4270-9808-C08AABB90C89}"
EndProject
Global
	GlobalSection(SolutionConfigurationPlatforms) = preSolution
		Debug|Any CPU = Debug|Any CPU
		Release|Any CPU = Release|Any CPU
	EndGlobalSection
	GlobalSection(ProjectConfigurationPlatforms) = postSolution
		{29CAC6CB-572F-4270-9808-C08AABB90C89}.Debug|Any CPU.ActiveCfg = Debug|Any CPU
		{29CAC6CB-572F-4270-9808-C08AABB90C89}.Debug|Any CPU.Build.0 = Debug|Any CPU
		{29CAC6CB-572F-4270-9808-C08AABB90C89}.Release|Any CPU.ActiveCfg = Release|Any CPU
		{29CAC6CB-572F-4270-9808-C08AABB90C89}.Release|Any CPU.Build.0 = Release|Any CPU
	EndGlobalSection
	GlobalSection(SolutionProperties) = preSolution
		HideSolutionNode = FALSE
	EndGlobalSection
	GlobalSection(ExtensibilityGlobals) = postSolution
		SolutionGuid = {CC4A6E80-697C-43D3-921A-AFE1C2CBCD60}
	EndGlobalSection
EndGlobal
