
Microsoft Visual Studio Solution File, Format Version 12.00
# Visual Studio Version 17
VisualStudioVersion = 17.14.36915.13 d17.14
MinimumVisualStudioVersion = 10.0.40219.1
Project("{FAE04EC0-301F-11D3-BF4B-00C04F79EFBC}") = "Модуль 2 ООП задача 5", "Модуль 2 ООП задача 5\Модуль 2 ООП задача 5.csproj", "{0A0BE162-2F61-407F-A09E-2513B5B975BF}"
EndProject
Global
	GlobalSection(SolutionConfigurationPlatforms) = preSolution
		Debug|Any CPU = Debug|Any CPU
		Release|Any CPU = Release|Any CPU
	EndGlobalSection
	GlobalSection(ProjectConfigurationPlatforms) = postSolution
		{0A0BE162-2F61-407F-A09E-2513B5B975BF}.Debug|Any CPU.ActiveCfg = Debug|Any CPU
		{0A0BE162-2F61-407F-A09E-2513B5B975BF}.Debug|Any CPU.Build.0 = Debug|Any CPU
		{0A0BE162-2F61-407F-A09E-2513B5B975BF}.Release|Any CPU.ActiveCfg = Release|Any CPU
		{0A0BE162-2F61-407F-A09E-2513B5B975BF}.Release|Any CPU.Build.0 = Release|Any CPU
	EndGlobalSection
	GlobalSection(SolutionProperties) = preSolution
		HideSolutionNode = FALSE
	EndGlobalSection
	GlobalSection(ExtensibilityGlobals) = postSolution
		SolutionGuid = {885742AE-FF66-426F-BE73-CA05E22F9489}
	EndGlobalSection
EndGlobal
