
Microsoft Visual Studio Solution File, Format Version 12.00
# Visual Studio Version 17
VisualStudioVersion = 17.14.36915.13 d17.14
MinimumVisualStudioVersion = 10.0.40219.1
Project("{FAE04EC0-301F-11D3-BF4B-00C04F79EFBC}") = "Модуль 1.1 Основы C# задание 3", "Модуль 1.1 Основы C# задание 3\Модуль 1.1 Основы C# задание 3.csproj", "{454ADB2C-CA22-48B4-B860-76934C3A9A98}"
EndProject
Global
	GlobalSection(SolutionConfigurationPlatforms) = preSolution
		Debug|Any CPU = Debug|Any CPU
		Release|Any CPU = Release|Any CPU
	EndGlobalSection
	GlobalSection(ProjectConfigurationPlatforms) = postSolution
		{454ADB2C-CA22-48B4-B860-76934C3A9A98}.Debug|Any CPU.ActiveCfg = Debug|Any CPU
		{454ADB2C-CA22-48B4-B860-76934C3A9A98}.Debug|Any CPU.Build.0 = Debug|Any CPU
		{454ADB2C-CA22-48B4-B860-76934C3A9A98}.Release|Any CPU.ActiveCfg = Release|Any CPU
		{454ADB2C-CA22-48B4-B860-76934C3A9A98}.Release|Any CPU.Build.0 = Release|Any CPU
	EndGlobalSection
	GlobalSection(SolutionProperties) = preSolution
		HideSolutionNode = FALSE
	EndGlobalSection
	GlobalSection(ExtensibilityGlobals) = postSolution
		SolutionGuid = {34E1E32D-ACE5-494A-832E-8E3659879FA5}
	EndGlobalSection
EndGlobal
