
Microsoft Visual Studio Solution File, Format Version 12.00
# Visual Studio Version 17
VisualStudioVersion = 17.14.36915.13 d17.14
MinimumVisualStudioVersion = 10.0.40219.1
Project("{FAE04EC0-301F-11D3-BF4B-00C04F79EFBC}") = "Модуль 1.1 Основы C# Задание 2", "Модуль 1.1 Основы C# Задание 2\Модуль 1.1 Основы C# Задание 2.csproj", "{5706D1F7-CA89-4801-92C4-93F7B886BC9B}"
EndProject
Global
	GlobalSection(SolutionConfigurationPlatforms) = preSolution
		Debug|Any CPU = Debug|Any CPU
		Release|Any CPU = Release|Any CPU
	EndGlobalSection
	GlobalSection(ProjectConfigurationPlatforms) = postSolution
		{5706D1F7-CA89-4801-92C4-93F7B886BC9B}.Debug|Any CPU.ActiveCfg = Debug|Any CPU
		{5706D1F7-CA89-4801-92C4-93F7B886BC9B}.Debug|Any CPU.Build.0 = Debug|Any CPU
		{5706D1F7-CA89-4801-92C4-93F7B886BC9B}.Release|Any CPU.ActiveCfg = Release|Any CPU
		{5706D1F7-CA89-4801-92C4-93F7B886BC9B}.Release|Any CPU.Build.0 = Release|Any CPU
	EndGlobalSection
	GlobalSection(SolutionProperties) = preSolution
		HideSolutionNode = FALSE
	EndGlobalSection
	GlobalSection(ExtensibilityGlobals) = postSolution
		SolutionGuid = {C1231333-635E-4D00-AEAC-EF3CC01032EB}
	EndGlobalSection
EndGlobal
