
Microsoft Visual Studio Solution File, Format Version 12.00
# Visual Studio Version 17
VisualStudioVersion = 17.14.36915.13 d17.14
MinimumVisualStudioVersion = 10.0.40219.1
Project("{FAE04EC0-301F-11D3-BF4B-00C04F79EFBC}") = "Модуль 3 задание 4 по делегатам", "Модуль 3 задание 4 по делегатам\Модуль 3 задание 4 по делегатам.csproj", "{3967509D-81E2-4F2C-BC24-34B6DD974238}"
EndProject
Global
	GlobalSection(SolutionConfigurationPlatforms) = preSolution
		Debug|Any CPU = Debug|Any CPU
		Release|Any CPU = Release|Any CPU
	EndGlobalSection
	GlobalSection(ProjectConfigurationPlatforms) = postSolution
		{3967509D-81E2-4F2C-BC24-34B6DD974238}.Debug|Any CPU.ActiveCfg = Debug|Any CPU
		{3967509D-81E2-4F2C-BC24-34B6DD974238}.Debug|Any CPU.Build.0 = Debug|Any CPU
		{3967509D-81E2-4F2C-BC24-34B6DD974238}.Release|Any CPU.ActiveCfg = Release|Any CPU
		{3967509D-81E2-4F2C-BC24-34B6DD974238}.Release|Any CPU.Build.0 = Release|Any CPU
	EndGlobalSection
	GlobalSection(SolutionProperties) = preSolution
		HideSolutionNode = FALSE
	EndGlobalSection
	GlobalSection(ExtensibilityGlobals) = postSolution
		SolutionGuid = {E21B810E-735A-483C-9FD4-00E19DB5BF1C}
	EndGlobalSection
EndGlobal
