
Microsoft Visual Studio Solution File, Format Version 12.00
# Visual Studio Version 17
VisualStudioVersion = 17.14.36915.13 d17.14
MinimumVisualStudioVersion = 10.0.40219.1
Project("{FAE04EC0-301F-11D3-BF4B-00C04F79EFBC}") = "Модуль 4 Задание 2 по интерфейсам", "Модуль 4 Задание 2 по интерфейсам\Модуль 4 Задание 2 по интерфейсам.csproj", "{89D3E574-EB54-4C69-B8E0-C51F83788E59}"
EndProject
Global
	GlobalSection(SolutionConfigurationPlatforms) = preSolution
		Debug|Any CPU = Debug|Any CPU
		Release|Any CPU = Release|Any CPU
	EndGlobalSection
	GlobalSection(ProjectConfigurationPlatforms) = postSolution
		{89D3E574-EB54-4C69-B8E0-C51F83788E59}.Debug|Any CPU.ActiveCfg = Debug|Any CPU
		{89D3E574-EB54-4C69-B8E0-C51F83788E59}.Debug|Any CPU.Build.0 = Debug|Any CPU
		{89D3E574-EB54-4C69-B8E0-C51F83788E59}.Release|Any CPU.ActiveCfg = Release|Any CPU
		{89D3E574-EB54-4C69-B8E0-C51F83788E59}.Release|Any CPU.Build.0 = Release|Any CPU
	EndGlobalSection
	GlobalSection(SolutionProperties) = preSolution
		HideSolutionNode = FALSE
	EndGlobalSection
	GlobalSection(ExtensibilityGlobals) = postSolution
		SolutionGuid = {7629D11D-DC57-47CC-B70B-7106385560DF}
	EndGlobalSection
EndGlobal
