
Microsoft Visual Studio Solution File, Format Version 12.00
# Visual Studio Version 17
VisualStudioVersion = 17.14.36915.13 d17.14
MinimumVisualStudioVersion = 10.0.40219.1
Project("{FAE04EC0-301F-11D3-BF4B-00C04F79EFBC}") = "Модуль 4 Задание 1 по интерфейсам", "Модуль 4 Задание 1 по интерфейсам\Модуль 4 Задание 1 по интерфейсам.csproj", "{82F0DA02-D152-47D4-A677-5959FB10107A}"
EndProject
Global
	GlobalSection(SolutionConfigurationPlatforms) = preSolution
		Debug|Any CPU = Debug|Any CPU
		Release|Any CPU = Release|Any CPU
	EndGlobalSection
	GlobalSection(ProjectConfigurationPlatforms) = postSolution
		{82F0DA02-D152-47D4-A677-5959FB10107A}.Debug|Any CPU.ActiveCfg = Debug|Any CPU
		{82F0DA02-D152-47D4-A677-5959FB10107A}.Debug|Any CPU.Build.0 = Debug|Any CPU
		{82F0DA02-D152-47D4-A677-5959FB10107A}.Release|Any CPU.ActiveCfg = Release|Any CPU
		{82F0DA02-D152-47D4-A677-5959FB10107A}.Release|Any CPU.Build.0 = Release|Any CPU
	EndGlobalSection
	GlobalSection(SolutionProperties) = preSolution
		HideSolutionNode = FALSE
	EndGlobalSection
	GlobalSection(ExtensibilityGlobals) = postSolution
		SolutionGuid = {5EA2AE98-797C-4357-8144-28A2A72BD87D}
	EndGlobalSection
EndGlobal
