
Microsoft Visual Studio Solution File, Format Version 12.00
# Visual Studio Version 17
VisualStudioVersion = 17.14.36915.13 d17.14
MinimumVisualStudioVersion = 10.0.40219.1
Project("{FAE04EC0-301F-11D3-BF4B-00C04F79EFBC}") = "Модуль 1.1 Основы C# Задание 4", "Модуль 1.1 Основы C# Задание 4\Модуль 1.1 Основы C# Задание 4.csproj", "{47D8318E-166C-4AAD-821E-55ADACEBB1C5}"
EndProject
Global
	GlobalSection(SolutionConfigurationPlatforms) = preSolution
		Debug|Any CPU = Debug|Any CPU
		Release|Any CPU = Release|Any CPU
	EndGlobalSection
	GlobalSection(ProjectConfigurationPlatforms) = postSolution
		{47D8318E-166C-4AAD-821E-55ADACEBB1C5}.Debug|Any CPU.ActiveCfg = Debug|Any CPU
		{47D8318E-166C-4AAD-821E-55ADACEBB1C5}.Debug|Any CPU.Build.0 = Debug|Any CPU
		{47D8318E-166C-4AAD-821E-55ADACEBB1C5}.Release|Any CPU.ActiveCfg = Release|Any CPU
		{47D8318E-166C-4AAD-821E-55ADACEBB1C5}.Release|Any CPU.Build.0 = Release|Any CPU
	EndGlobalSection
	GlobalSection(SolutionProperties) = preSolution
		HideSolutionNode = FALSE
	EndGlobalSection
	GlobalSection(ExtensibilityGlobals) = postSolution
		SolutionGuid = {7DC364A6-3E73-4229-9224-ACBC9D30C479}
	EndGlobalSection
EndGlobal
