
Microsoft Visual Studio Solution File, Format Version 12.00
# Visual Studio Version 17
VisualStudioVersion = 17.14.36915.13 d17.14
MinimumVisualStudioVersion = 10.0.40219.1
Project("{FAE04EC0-301F-11D3-BF4B-00C04F79EFBC}") = "Модуль 2 ООП задача 3", "Модуль 2 ООП задача 3\Модуль 2 ООП задача 3.csproj", "{5D5DDE46-ECE9-4833-BADE-D4A8F97449DD}"
EndProject
Global
	GlobalSection(SolutionConfigurationPlatforms) = preSolution
		Debug|Any CPU = Debug|Any CPU
		Release|Any CPU = Release|Any CPU
	EndGlobalSection
	GlobalSection(ProjectConfigurationPlatforms) = postSolution
		{5D5DDE46-ECE9-4833-BADE-D4A8F97449DD}.Debug|Any CPU.ActiveCfg = Debug|Any CPU
		{5D5DDE46-ECE9-4833-BADE-D4A8F97449DD}.Debug|Any CPU.Build.0 = Debug|Any CPU
		{5D5DDE46-ECE9-4833-BADE-D4A8F97449DD}.Release|Any CPU.ActiveCfg = Release|Any CPU
		{5D5DDE46-ECE9-4833-BADE-D4A8F97449DD}.Release|Any CPU.Build.0 = Release|Any CPU
	EndGlobalSection
	GlobalSection(SolutionProperties) = preSolution
		HideSolutionNode = FALSE
	EndGlobalSection
	GlobalSection(ExtensibilityGlobals) = postSolution
		SolutionGuid = {D2C8DC97-BD2C-429D-B492-3796442615DC}
	EndGlobalSection
EndGlobal
