
Microsoft Visual Studio Solution File, Format Version 12.00
# Visual Studio Version 17
VisualStudioVersion = 17.14.36915.13 d17.14
MinimumVisualStudioVersion = 10.0.40219.1
Project("{FAE04EC0-301F-11D3-BF4B-00C04F79EFBC}") = "Модуль 1.1 Основы C# задание 1", "Модуль 1.1 Основы C# задание 1\Модуль 1.1 Основы C# задание 1.csproj", "{FCD8A2FC-C7C6-4586-A998-7320E602DC5A}"
EndProject
Global
	GlobalSection(SolutionConfigurationPlatforms) = preSolution
		Debug|Any CPU = Debug|Any CPU
		Release|Any CPU = Release|Any CPU
	EndGlobalSection
	GlobalSection(ProjectConfigurationPlatforms) = postSolution
		{FCD8A2FC-C7C6-4586-A998-7320E602DC5A}.Debug|Any CPU.ActiveCfg = Debug|Any CPU
		{FCD8A2FC-C7C6-4586-A998-7320E602DC5A}.Debug|Any CPU.Build.0 = Debug|Any CPU
		{FCD8A2FC-C7C6-4586-A998-7320E602DC5A}.Release|Any CPU.ActiveCfg = Release|Any CPU
		{FCD8A2FC-C7C6-4586-A998-7320E602DC5A}.Release|Any CPU.Build.0 = Release|Any CPU
	EndGlobalSection
	GlobalSection(SolutionProperties) = preSolution
		HideSolutionNode = FALSE
	EndGlobalSection
	GlobalSection(ExtensibilityGlobals) = postSolution
		SolutionGuid = {BD433FD9-F0C4-42F0-993D-2AFCEBEC6D66}
	EndGlobalSection
EndGlobal
