
Microsoft Visual Studio Solution File, Format Version 12.00
# Visual Studio Version 17
VisualStudioVersion = 17.14.36915.13 d17.14
MinimumVisualStudioVersion = 10.0.40219.1
Project("{FAE04EC0-301F-11D3-BF4B-00C04F79EFBC}") = "Модуль 1.3 СТАТИЧЕСКИЕ МЕТОДЫ (МЕТОДЫ КЛАССОВ) Задание 3", "Модуль 1.3 СТАТИЧЕСКИЕ МЕТОДЫ (МЕТОДЫ КЛАССОВ) Задание 3\Модуль 1.3 СТАТИЧЕСКИЕ МЕТОДЫ (МЕТОДЫ КЛАССОВ) Задание 3.csproj", "{E49316F7-E3B9-42E5-8A3A-A90878C8290C}"
EndProject
Global
	GlobalSection(SolutionConfigurationPlatforms) = preSolution
		Debug|Any CPU = Debug|Any CPU
		Release|Any CPU = Release|Any CPU
	EndGlobalSection
	GlobalSection(ProjectConfigurationPlatforms) = postSolution
		{E49316F7-E3B9-42E5-8A3A-A90878C8290C}.Debug|Any CPU.ActiveCfg = Debug|Any CPU
		{E49316F7-E3B9-42E5-8A3A-A90878C8290C}.Debug|Any CPU.Build.0 = Debug|Any CPU
		{E49316F7-E3B9-42E5-8A3A-A90878C8290C}.Release|Any CPU.ActiveCfg = Release|Any CPU
		{E49316F7-E3B9-42E5-8A3A-A90878C8290C}.Release|Any CPU.Build.0 = Release|Any CPU
	EndGlobalSection
	GlobalSection(SolutionProperties) = preSolution
		HideSolutionNode = FALSE
	EndGlobalSection
	GlobalSection(ExtensibilityGlobals) = postSolution
		SolutionGuid = {B3E030CA-58F8-4B1E-AFD8-B621CCA3FC5A}
	EndGlobalSection
EndGlobal
