
Microsoft Visual Studio Solution File, Format Version 12.00
# Visual Studio Version 17
VisualStudioVersion = 17.14.36915.13 d17.14
MinimumVisualStudioVersion = 10.0.40219.1
Project("{FAE04EC0-301F-11D3-BF4B-00C04F79EFBC}") = "Модуль 1.1 Основы C# Задание 5", "Модуль 1.1 Основы C# Задание 5\Модуль 1.1 Основы C# Задание 5.csproj", "{A00B0A2F-D797-4FB1-858E-D059E549126A}"
EndProject
Global
	GlobalSection(SolutionConfigurationPlatforms) = preSolution
		Debug|Any CPU = Debug|Any CPU
		Release|Any CPU = Release|Any CPU
	EndGlobalSection
	GlobalSection(ProjectConfigurationPlatforms) = postSolution
		{A00B0A2F-D797-4FB1-858E-D059E549126A}.Debug|Any CPU.ActiveCfg = Debug|Any CPU
		{A00B0A2F-D797-4FB1-858E-D059E549126A}.Debug|Any CPU.Build.0 = Debug|Any CPU
		{A00B0A2F-D797-4FB1-858E-D059E549126A}.Release|Any CPU.ActiveCfg = Release|Any CPU
		{A00B0A2F-D797-4FB1-858E-D059E549126A}.Release|Any CPU.Build.0 = Release|Any CPU
	EndGlobalSection
	GlobalSection(SolutionProperties) = preSolution
		HideSolutionNode = FALSE
	EndGlobalSection
	GlobalSection(ExtensibilityGlobals) = postSolution
		SolutionGuid = {F52BFBB4-EBA6-47CE-BBF0-D7EF7CEDF56A}
	EndGlobalSection
EndGlobal
